// !$*UTF8*$!
{
	archiveVersion = 1;
	classes = {
	};
	objectVersion = 48;
	objects = {

/* Begin PBXBuildFile section */
		870D28591F9BC87100D59035 /* AppDelegate.swift in Sources */ = {isa = PBXBuildFile; fileRef = 870D28581F9BC87100D59035 /* AppDelegate.swift */; };
		870D285B1F9BC87100D59035 /* ViewController.swift in Sources */ = {isa = PBXBuildFile; fileRef = 870D285A1F9BC87100D59035 /* ViewController.swift */; };
		870D285E1F9BC87100D59035 /* Main.storyboard in Resources */ = {isa = PBXBuildFile; fileRef = 870D285C1F9BC87100D59035 /* Main.storyboard */; };
		870D28601F9BC87100D59035 /* Assets.xcassets in Resources */ = {isa = PBXBuildFile; fileRef = 870D285F1F9BC87100D59035 /* Assets.xcassets */; };
		870D28631F9BC87100D59035 /* LaunchScreen.storyboard in Resources */ = {isa = PBXBuildFile; fileRef = 870D28611F9BC87100D59035 /* LaunchScreen.storyboard */; };
		870D286E1F9BC87100D59035 /* AutosizeTests.swift in Sources */ = {isa = PBXBuildFile; fileRef = 870D286D1F9BC87100D59035 /* AutosizeTests.swift */; };
		870D28791F9BC87200D59035 /* AutosizeUITests.swift in Sources */ = {isa = PBXBuildFile; fileRef = 870D28781F9BC87200D59035 /* AutosizeUITests.swift */; };
/* End PBXBuildFile section */

/* Begin PBXContainerItemProxy section */
		870D286A1F9BC87100D59035 /* PBXContainerItemProxy */ = {
			isa = PBXContainerItemProxy;
			containerPortal = 870D284D1F9BC87100D59035 /* Project object */;
			proxyType = 1;
			remoteGlobalIDString = 870D28541F9BC87100D59035;
			remoteInfo = Autosize;
		};
		870D28751F9BC87100D59035 /* PBXContainerItemProxy */ = {
			isa = PBXContainerItemProxy;
			containerPortal = 870D284D1F9BC87100D59035 /* Project object */;
			proxyType = 1;
			remoteGlobalIDString = 870D28541F9BC87100D59035;
			remoteInfo = Autosize;
		};
/* End PBXContainerItemProxy section */

/* Begin PBXFileReference section */
		870D28551F9BC87100D59035 /* Autosize.app */ = {isa = PBXFileReference; explicitFileType = wrapper.application; includeInIndex = 0; path = Autosize.app; sourceTree = BUILT_PRODUCTS_DIR; };
		870D28581F9BC87100D59035 /* AppDelegate.swift */ = {isa = PBXFileReference; lastKnownFileType = sourcecode.swift; path = AppDelegate.swift; sourceTree = "<group>"; };
		870D285A1F9BC87100D59035 /* ViewController.swift */ = {isa = PBXFileReference; lastKnownFileType = sourcecode.swift; path = ViewController.swift; sourceTree = "<group>"; };
		870D285D1F9BC87100D59035 /* Base */ = {isa = PBXFileReference; lastKnownFileType = file.storyboard; name = Base; path = Base.lproj/Main.storyboard; sourceTree = "<group>"; };
		870D285F1F9BC87100D59035 /* Assets.xcassets */ = {isa = PBXFileReference; lastKnownFileType = folder.assetcatalog; path = Assets.xcassets; sourceTree = "<group>"; };
		870D28621F9BC87100D59035 /* Base */ = {isa = PBXFileReference; lastKnownFileType = file.storyboard; name = Base; path = Base.lproj/LaunchScreen.storyboard; sourceTree = "<group>"; };
		870D28641F9BC87100D59035 /* Info.plist */ = {isa = PBXFileReference; lastKnownFileType = text.plist.xml; path = Info.plist; sourceTree = "<group>"; };
		870D28691F9BC87100D59035 /* AutosizeTests.xctest */ = {isa = PBXFileReference; explicitFileType = wrapper.cfbundle; includeInIndex = 0; path = AutosizeTests.xctest; sourceTree = BUILT_PRODUCTS_DIR; };
		870D286D1F9BC87100D59035 /* AutosizeTests.swift */ = {isa = PBXFileReference; lastKnownFileType = sourcecode.swift; path = AutosizeTests.swift; sourceTree = "<group>"; };
		870D286F1F9BC87100D59035 /* Info.plist */ = {isa = PBXFileReference; lastKnownFileType = text.plist.xml; path = Info.plist; sourceTree = "<group>"; };
		870D28741F9BC87100D59035 /* AutosizeUITests.xctest */ = {isa = PBXFileReference; explicitFileType = wrapper.cfbundle; includeInIndex = 0; path = AutosizeUITests.xctest; sourceTree = BUILT_PRODUCTS_DIR; };
		870D28781F9BC87200D59035 /* AutosizeUITests.swift */ = {isa = PBXFileReference; lastKnownFileType = sourcecode.swift; path = AutosizeUITests.swift; sourceTree = "<group>"; };
		870D287A1F9BC87200D59035 /* Info.plist */ = {isa = PBXFileReference; lastKnownFileType = text.plist.xml; path = Info.plist; sourceTree = "<group>"; };
/* End PBXFileReference section */

/* Begin PBXFrameworksBuildPhase section */
		870D28521F9BC87100D59035 /* Frameworks */ = {
			isa = PBXFrameworksBuildPhase;
			buildActionMask = 2147483647;
			files = (
			);
			runOnlyForDeploymentPostprocessing = 0;
		};
		870D28661F9BC87100D59035 /* Frameworks */ = {
			isa = PBXFrameworksBuildPhase;
			buildActionMask = 2147483647;
			files = (
			);
			runOnlyForDeploymentPostprocessing = 0;
		};
		870D28711F9BC87100D59035 /* Frameworks */ = {
			isa = PBXFrameworksBuildPhase;
			buildActionMask = 2147483647;
			files = (
			);
			runOnlyForDeploymentPostprocessing = 0;
		};
/* End PBXFrameworksBuildPhase section */

/* Begin PBXGroup section */
		870D284C1F9BC87100D59035 = {
			isa = PBXGroup;
			children = (
				870D28571F9BC87100D59035 /* Autosize */,
				870D286C1F9BC87100D59035 /* AutosizeTests */,
				870D28771F9BC87200D59035 /* AutosizeUITests */,
				870D28561F9BC87100D59035 /* Products */,
			);
			sourceTree = "<group>";
		};
		870D28561F9BC87100D59035 /* Products */ = {
			isa = PBXGroup;
			children = (
				870D28551F9BC87100D59035 /* Autosize.app */,
				870D28691F9BC87100D59035 /* AutosizeTests.xctest */,
				870D28741F9BC87100D59035 /* AutosizeUITests.xctest */,
			);
			name = Products;
			sourceTree = "<group>";
		};
		870D28571F9BC87100D59035 /* Autosize */ = {
			isa = PBXGroup;
			children = (
				870D28581F9BC87100D59035 /* AppDelegate.swift */,
				870D285A1F9BC87100D59035 /* ViewController.swift */,
				870D285C1F9BC87100D59035 /* Main.storyboard */,
				870D285F1F9BC87100D59035 /* Assets.xcassets */,
				870D28611F9BC87100D59035 /* LaunchScreen.storyboard */,
				870D28641F9BC87100D59035 /* Info.plist */,
			);
			path = Autosize;
			sourceTree = "<group>";
		};
		870D286C1F9BC87100D59035 /* AutosizeTests */ = {
			isa = PBXGroup;
			children = (
				870D286D1F9BC87100D59035 /* AutosizeTests.swift */,
				870D286F1F9BC87100D59035 /* Info.plist */,
			);
			path = AutosizeTests;
			sourceTree = "<group>";
		};
		870D28771F9BC87200D59035 /* AutosizeUITests */ = {
			isa = PBXGroup;
			children = (
				870D28781F9BC87200D59035 /* AutosizeUITests.swift */,
				870D287A1F9BC87200D59035 /* Info.plist */,
			);
			path = AutosizeUITests;
			sourceTree = "<group>";
		};
/* End PBXGroup section */

/* Begin PBXNativeTarget section */
		870D28541F9BC87100D59035 /* Autosize */ = {
			isa = PBXNativeTarget;
			buildConfigurationList = 870D287D1F9BC87200D59035 /* Build configuration list for PBXNativeTarget "Autosize" */;
			buildPhases = (
				870D28511F9BC87100D59035 /* Sources */,
				870D28521F9BC87100D59035 /* Frameworks */,
				870D28531F9BC87100D59035 /* Resources */,
			);
			buildRules = (
			);
			dependencies = (
			);
			name = Autosize;
			productName = Autosize;
			productReference = 870D28551F9BC87100D59035 /* Autosize.app */;
			productType = "com.apple.product-type.application";
		};
		870D28681F9BC87100D59035 /* AutosizeTests */ = {
			isa = PBXNativeTarget;
			buildConfigurationList = 870D28801F9BC87200D59035 /* Build configuration list for PBXNativeTarget "AutosizeTests" */;
			buildPhases = (
				870D28651F9BC87100D59035 /* Sources */,
				870D28661F9BC87100D59035 /* Frameworks */,
				870D28671F9BC87100D59035 /* Resources */,
			);
			buildRules = (
			);
			dependencies = (
				870D286B1F9BC87100D59035 /* PBXTargetDependency */,
			);
			name = AutosizeTests;
			productName = AutosizeTests;
			productReference = 870D28691F9BC87100D59035 /* AutosizeTests.xctest */;
			productType = "com.apple.product-type.bundle.unit-test";
		};
		870D28731F9BC87100D59035 /* AutosizeUITests */ = {
			isa = PBXNativeTarget;
			buildConfigurationList = 870D28831F9BC87200D59035 /* Build configuration list for PBXNativeTarget "AutosizeUITests" */;
			buildPhases = (
				870D28701F9BC87100D59035 /* Sources */,
				870D28711F9BC87100D59035 /* Frameworks */,
				870D28721F9BC87100D59035 /* Resources */,
			);
			buildRules = (
			);
			dependencies = (
				870D28761F9BC87100D59035 /* PBXTargetDependency */,
			);
			name = AutosizeUITests;
			productName = AutosizeUITests;
			productReference = 870D28741F9BC87100D59035 /* AutosizeUITests.xctest */;
			productType = "com.apple.product-type.bundle.ui-testing";
		};
/* End PBXNativeTarget section */

/* Begin PBXProject section */
		870D284D1F9BC87100D59035 /* Project object */ = {
			isa = PBXProject;
			attributes = {
				LastSwiftUpdateCheck = 0900;
				LastUpgradeCheck = 0900;
				ORGANIZATIONNAME = "danielle kefford";
				TargetAttributes = {
					870D28541F9BC87100D59035 = {
						CreatedOnToolsVersion = 9.0.1;
						ProvisioningStyle = Automatic;
					};
					870D28681F9BC87100D59035 = {
						CreatedOnToolsVersion = 9.0.1;
						ProvisioningStyle = Automatic;
						TestTargetID = 870D28541F9BC87100D59035;
					};
					870D28731F9BC87100D59035 = {
						CreatedOnToolsVersion = 9.0.1;
						ProvisioningStyle = Automatic;
						TestTargetID = 870D28541F9BC87100D59035;
					};
				};
			};
			buildConfigurationList = 870D28501F9BC87100D59035 /* Build configuration list for PBXProject "Autosize" */;
			compatibilityVersion = "Xcode 8.0";
			developmentRegion = en;
			hasScannedForEncodings = 0;
			knownRegions = (
				en,
				Base,
			);
			mainGroup = 870D284C1F9BC87100D59035;
			productRefGroup = 870D28561F9BC87100D59035 /* Products */;
			projectDirPath = "";
			projectRoot = "";
			targets = (
				870D28541F9BC87100D59035 /* Autosize */,
				870D28681F9BC87100D59035 /* AutosizeTests */,
				870D28731F9BC87100D59035 /* AutosizeUITests */,
			);
		};
/* End PBXProject section */

/* Begin PBXResourcesBuildPhase section */
		870D28531F9BC87100D59035 /* Resources */ = {
			isa = PBXResourcesBuildPhase;
			buildActionMask = 2147483647;
			files = (
				870D28631F9BC87100D59035 /* LaunchScreen.storyboard in Resources */,
				870D28601F9BC87100D59035 /* Assets.xcassets in Resources */,
				870D285E1F9BC87100D59035 /* Main.storyboard in Resources */,
			);
			runOnlyForDeploymentPostprocessing = 0;
		};
		870D28671F9BC87100D59035 /* Resources */ = {
			isa = PBXResourcesBuildPhase;
			buildActionMask = 2147483647;
			files = (
			);
			runOnlyForDeploymentPostprocessing = 0;
		};
		870D28721F9BC87100D59035 /* Resources */ = {
			isa = PBXResourcesBuildPhase;
			buildActionMask = 2147483647;
			files = (
			);
			runOnlyForDeploymentPostprocessing = 0;
		};
/* End PBXResourcesBuildPhase section */

/* Begin PBXSourcesBuildPhase section */
		870D28511F9BC87100D59035 /* Sources */ = {
			isa = PBXSourcesBuildPhase;
			buildActionMask = 2147483647;
			files = (
				870D285B1F9BC87100D59035 /* ViewController.swift in Sources */,
				870D28591F9BC87100D59035 /* AppDelegate.swift in Sources */,
			);
			runOnlyForDeploymentPostprocessing = 0;
		};
		870D28651F9BC87100D59035 /* Sources */ = {
			isa = PBXSourcesBuildPhase;
			buildActionMask = 2147483647;
			files = (
				870D286E1F9BC87100D59035 /* AutosizeTests.swift in Sources */,
			);
			runOnlyForDeploymentPostprocessing = 0;
		};
		870D28701F9BC87100D59035 /* Sources */ = {
			isa = PBXSourcesBuildPhase;
			buildActionMask = 2147483647;
			files = (
				870D28791F9BC87200D59035 /* AutosizeUITests.swift in Sources */,
			);
			runOnlyForDeploymentPostprocessing = 0;
		};
/* End PBXSourcesBuildPhase section */

/* Begin PBXTargetDependency section */
		870D286B1F9BC87100D59035 /* PBXTargetDependency */ = {
			isa = PBXTargetDependency;
			target = 870D28541F9BC87100D59035 /* Autosize */;
			targetProxy = 870D286A1F9BC87100D59035 /* PBXContainerItemProxy */;
		};
		870D28761F9BC87100D59035 /* PBXTargetDependency */ = {
			isa = PBXTargetDependency;
			target = 870D28541F9BC87100D59035 /* Autosize */;
			targetProxy = 870D28751F9BC87100D59035 /* PBXContainerItemProxy */;
		};
/* End PBXTargetDependency section */

/* Begin PBXVariantGroup section */
		870D285C1F9BC87100D59035 /* Main.storyboard */ = {
			isa = PBXVariantGroup;
			children = (
				870D285D1F9BC87100D59035 /* Base */,
			);
			name = Main.storyboard;
			sourceTree = "<group>";
		};
		870D28611F9BC87100D59035 /* LaunchScreen.storyboard */ = {
			isa = PBXVariantGroup;
			children = (
				870D28621F9BC87100D59035 /* Base */,
			);
			name = LaunchScreen.storyboard;
			sourceTree = "<group>";
		};
/* End PBXVariantGroup section */

/* Begin XCBuildConfiguration section */
		870D287B1F9BC87200D59035 /* Debug */ = {
			isa = XCBuildConfiguration;
			buildSettings = {
				ALWAYS_SEARCH_USER_PATHS = NO;
				CLANG_ANALYZER_NONNULL = YES;
				CLANG_ANALYZER_NUMBER_OBJECT_CONVERSION = YES_AGGRESSIVE;
				CLANG_CXX_LANGUAGE_STANDARD = "gnu++14";
				CLANG_CXX_LIBRARY = "libc++";
				CLANG_ENABLE_MODULES = YES;
				CLANG_ENABLE_OBJC_ARC = YES;
				CLANG_WARN_BLOCK_CAPTURE_AUTORELEASING = YES;
				CLANG_WARN_BOOL_CONVERSION = YES;
				CLANG_WARN_COMMA = YES;
				CLANG_WARN_CONSTANT_CONVERSION = YES;
				CLANG_WARN_DIRECT_OBJC_ISA_USAGE = YES_ERROR;
				CLANG_WARN_DOCUMENTATION_COMMENTS = YES;
				CLANG_WARN_EMPTY_BODY = YES;
				CLANG_WARN_ENUM_CONVERSION = YES;
				CLANG_WARN_INFINITE_RECURSION = YES;
				CLANG_WARN_INT_CONVERSION = YES;
				CLANG_WARN_NON_LITERAL_NULL_CONVERSION = YES;
				CLANG_WARN_OBJC_LITERAL_CONVERSION = YES;
				CLANG_WARN_OBJC_ROOT_CLASS = YES_ERROR;
				CLANG_WARN_RANGE_LOOP_ANALYSIS = YES;
				CLANG_WARN_STRICT_PROTOTYPES = YES;
				CLANG_WARN_SUSPICIOUS_MOVE = YES;
				CLANG_WARN_UNGUARDED_AVAILABILITY = YES_AGGRESSIVE;
				CLANG_WARN_UNREACHABLE_CODE = YES;
				CLANG_WARN__DUPLICATE_METHOD_MATCH = YES;
				CODE_SIGN_IDENTITY = "iPhone Developer";
				COPY_PHASE_STRIP = NO;
				DEBUG_INFORMATION_FORMAT = dwarf;
				ENABLE_STRICT_OBJC_MSGSEND = YES;
				ENABLE_TESTABILITY = YES;
				GCC_C_LANGUAGE_STANDARD = gnu11;
				GCC_DYNAMIC_NO_PIC = NO;
				GCC_NO_COMMON_BLOCKS = YES;
				GCC_OPTIMIZATION_LEVEL = 0;
				GCC_PREPROCESSOR_DEFINITIONS = (
					"DEBUG=1",
					"$(inherited)",
				);
				GCC_WARN_64_TO_32_BIT_CONVERSION = YES;
				GCC_WARN_ABOUT_RETURN_TYPE = YES_ERROR;
				GCC_WARN_UNDECLARED_SELECTOR = YES;
				GCC_WARN_UNINITIALIZED_AUTOS = YES_AGGRESSIVE;
				GCC_WARN_UNUSED_FUNCTION = YES;
				GCC_WARN_UNUSED_VARIABLE = YES;
				IPHONEOS_DEPLOYMENT_TARGET = 11.0;
				MTL_ENABLE_DEBUG_INFO = YES;
				ONLY_ACTIVE_ARCH = YES;
				SDKROOT = iphoneos;
				SWIFT_ACTIVE_COMPILATION_CONDITIONS = DEBUG;
				SWIFT_OPTIMIZATION_LEVEL = "-Onone";
			};
			name = Debug;
		};
		870D287C1F9BC87200D59035 /* Release */ = {
			isa = XCBuildConfiguration;
			buildSettings = {
				ALWAYS_SEARCH_USER_PATHS = NO;
				CLANG_ANALYZER_NONNULL = YES;
				CLANG_ANALYZER_NUMBER_OBJECT_CONVERSION = YES_AGGRESSIVE;
				CLANG_CXX_LANGUAGE_STANDARD = "gnu++14";
				CLANG_CXX_LIBRARY = "libc++";
				CLANG_ENABLE_MODULES = YES;
				CLANG_ENABLE_OBJC_ARC = YES;
				CLANG_WARN_BLOCK_CAPTURE_AUTORELEASING = YES;
				CLANG_WARN_BOOL_CONVERSION = YES;
				CLANG_WARN_COMMA = YES;
				CLANG_WARN_CONSTANT_CONVERSION = YES;
				CLANG_WARN_DIRECT_OBJC_ISA_USAGE = YES_ERROR;
				CLANG_WARN_DOCUMENTATION_COMMENTS = YES;
				CLANG_WARN_EMPTY_BODY = YES;
				CLANG_WARN_ENUM_CONVERSION = YES;
				CLANG_WARN_INFINITE_RECURSION = YES;
				CLANG_WARN_INT_CONVERSION = YES;
				CLANG_WARN_NON_LITERAL_NULL_CONVERSION = YES;
				CLANG_WARN_OBJC_LITERAL_CONVERSION = YES;
				CLANG_WARN_OBJC_ROOT_CLASS = YES_ERROR;
				CLANG_WARN_RANGE_LOOP_ANALYSIS = YES;
				CLANG_WARN_STRICT_PROTOTYPES = YES;
				CLANG_WARN_SUSPICIOUS_MOVE = YES;
				CLANG_WARN_UNGUARDED_AVAILABILITY = YES_AGGRESSIVE;
				CLANG_WARN_UNREACHABLE_CODE = YES;
				CLANG_WARN__DUPLICATE_METHOD_MATCH = YES;
				CODE_SIGN_IDENTITY = "iPhone Developer";
				COPY_PHASE_STRIP = NO;
				DEBUG_INFORMATION_FORMAT = "dwarf-with-dsym";
				ENABLE_NS_ASSERTIONS = NO;
				ENABLE_STRICT_OBJC_MSGSEND = YES;
				GCC_C_LANGUAGE_STANDARD = gnu11;
				GCC_NO_COMMON_BLOCKS = YES;
				GCC_WARN_64_TO_32_BIT_CONVERSION = YES;
				GCC_WARN_ABOUT_RETURN_TYPE = YES_ERROR;
				GCC_WARN_UNDECLARED_SELECTOR = YES;
				GCC_WARN_UNINITIALIZED_AUTOS = YES_AGGRESSIVE;
				GCC_WARN_UNUSED_FUNCTION = YES;
				GCC_WARN_UNUSED_VARIABLE = YES;
				IPHONEOS_DEPLOYMENT_TARGET = 11.0;
				MTL_ENABLE_DEBUG_INFO = NO;
				SDKROOT = iphoneos;
				SWIFT_OPTIMIZATION_LEVEL = "-Owholemodule";
				VALIDATE_PRODUCT = YES;
			};
			name = Release;
		};
		870D287E1F9BC87200D59035 /* Debug */ = {
			isa = XCBuildConfiguration;
			buildSettings = {
				ASSETCATALOG_COMPILER_APPICON_NAME = AppIcon;
				CODE_SIGN_STYLE = Automatic;
				DEVELOPMENT_TEAM = GARV9392W2;
				INFOPLIST_FILE = Autosize/Info.plist;
				LD_RUNPATH_SEARCH_PATHS = "$(inherited) @executable_path/Frameworks";
				PRODUCT_BUNDLE_IDENTIFIER = com.quephird.Autosize;
				PRODUCT_NAME = "$(TARGET_NAME)";
				SWIFT_VERSION = 4.0;
				TARGETED_DEVICE_FAMILY = "1,2";
			};
			name = Debug;
		};
		870D287F1F9BC87200D59035 /* Release */ = {
			isa = XCBuildConfiguration;
			buildSettings = {
				ASSETCATALOG_COMPILER_APPICON_NAME = AppIcon;
				CODE_SIGN_STYLE = Automatic;
				DEVELOPMENT_TEAM = GARV9392W2;
				INFOPLIST_FILE = Autosize/Info.plist;
				LD_RUNPATH_SEARCH_PATHS = "$(inherited) @executable_path/Frameworks";
				PRODUCT_BUNDLE_IDENTIFIER = com.quephird.Autosize;
				PRODUCT_NAME = "$(TARGET_NAME)";
				SWIFT_VERSION = 4.0;
				TARGETED_DEVICE_FAMILY = "1,2";
			};
			name = Release;
		};
		870D28811F9BC87200D59035 /* Debug */ = {
			isa = XCBuildConfiguration;
			buildSettings = {
				ALWAYS_EMBED_SWIFT_STANDARD_LIBRARIES = YES;
				BUNDLE_LOADER = "$(TEST_HOST)";
				CODE_SIGN_STYLE = Automatic;
				INFOPLIST_FILE = AutosizeTests/Info.plist;
				LD_RUNPATH_SEARCH_PATHS = "$(inherited) @executable_path/Frameworks @loader_path/Frameworks";
				PRODUCT_BUNDLE_IDENTIFIER = com.quephird.AutosizeTests;
				PRODUCT_NAME = "$(TARGET_NAME)";
				SWIFT_VERSION = 4.0;
				TARGETED_DEVICE_FAMILY = "1,2";
				TEST_HOST = "$(BUILT_PRODUCTS_DIR)/Autosize.app/Autosize";
			};
			name = Debug;
		};
		870D28821F9BC87200D59035 /* Release */ = {
			isa = XCBuildConfiguration;
			buildSettings = {
				ALWAYS_EMBED_SWIFT_STANDARD_LIBRARIES = YES;
				BUNDLE_LOADER = "$(TEST_HOST)";
				CODE_SIGN_STYLE = Automatic;
				INFOPLIST_FILE = AutosizeTests/Info.plist;
				LD_RUNPATH_SEARCH_PATHS = "$(inherited) @executable_path/Frameworks @loader_path/Frameworks";
				PRODUCT_BUNDLE_IDENTIFIER = com.quephird.AutosizeTests;
				PRODUCT_NAME = "$(TARGET_NAME)";
				SWIFT_VERSION = 4.0;
				TARGETED_DEVICE_FAMILY = "1,2";
				TEST_HOST = "$(BUILT_PRODUCTS_DIR)/Autosize.app/Autosize";
			};
			name = Release;
		};
		870D28841F9BC87200D59035 /* Debug */ = {
			isa = XCBuildConfiguration;
			buildSettings = {
				ALWAYS_EMBED_SWIFT_STANDARD_LIBRARIES = YES;
				CODE_SIGN_STYLE = Automatic;
				INFOPLIST_FILE = AutosizeUITests/Info.plist;
				LD_RUNPATH_SEARCH_PATHS = "$(inherited) @executable_path/Frameworks @loader_path/Frameworks";
				PRODUCT_BUNDLE_IDENTIFIER = com.quephird.AutosizeUITests;
				PRODUCT_NAME = "$(TARGET_NAME)";
				SWIFT_VERSION = 4.0;
				TARGETED_DEVICE_FAMILY = "1,2";
				TEST_TARGET_NAME = Autosize;
			};
			name = Debug;
		};
		870D28851F9BC87200D59035 /* Release */ = {
			isa = XCBuildConfiguration;
			buildSettings = {
				ALWAYS_EMBED_SWIFT_STANDARD_LIBRARIES = YES;
				CODE_SIGN_STYLE = Automatic;
				INFOPLIST_FILE = AutosizeUITests/Info.plist;
				LD_RUNPATH_SEARCH_PATHS = "$(inherited) @executable_path/Frameworks @loader_path/Frameworks";
				PRODUCT_BUNDLE_IDENTIFIER = com.quephird.AutosizeUITests;
				PRODUCT_NAME = "$(TARGET_NAME)";
				SWIFT_VERSION = 4.0;
				TARGETED_DEVICE_FAMILY = "1,2";
				TEST_TARGET_NAME = Autosize;
			};
			name = Release;
		};
/* End XCBuildConfiguration section */

/* Begin XCConfigurationList section */
		870D28501F9BC87100D59035 /* Build configuration list for PBXProject "Autosize" */ = {
			isa = XCConfigurationList;
			buildConfigurations = (
				870D287B1F9BC87200D59035 /* Debug */,
				870D287C1F9BC87200D59035 /* Release */,
			);
			defaultConfigurationIsVisible = 0;
			defaultConfigurationName = Release;
		};
		870D287D1F9BC87200D59035 /* Build configuration list for PBXNativeTarget "Autosize" */ = {
			isa = XCConfigurationList;
			buildConfigurations = (
				870D287E1F9BC87200D59035 /* Debug */,
				870D287F1F9BC87200D59035 /* Release */,
			);
			defaultConfigurationIsVisible = 0;
			defaultConfigurationName = Release;
		};
		870D28801F9BC87200D59035 /* Build configuration list for PBXNativeTarget "AutosizeTests" */ = {
			isa = XCConfigurationList;
			buildConfigurations = (
				870D28811F9BC87200D59035 /* Debug */,
				870D28821F9BC87200D59035 /* Release */,
			);
			defaultConfigurationIsVisible = 0;
			defaultConfigurationName = Release;
		};
		870D28831F9BC87200D59035 /* Build configuration list for PBXNativeTarget "AutosizeUITests" */ = {
			isa = XCConfigurationList;
			buildConfigurations = (
				870D28841F9BC87200D59035 /* Debug */,
				870D28851F9BC87200D59035 /* Release */,
			);
			defaultConfigurationIsVisible = 0;
			defaultConfigurationName = Release;
		};
/* End XCConfigurationList section */
	};
	rootObject = 870D284D1F9BC87100D59035 /* Project object */;
}
